{
  "name": "homebridge-withings-environment-data",
  "version": "0.1.6",
  "lockfileVersion": 3,
  "requires": true,
  "packages": {
    "": {
      "name": "homebridge-withings-environment-data",
      "version": "0.1.6",
      "license": "MIT",
      "engines": {
        "homebridge": ">=1.6.0",
        "node": ">=18"
      }
    }
  }
}
